
Microsoft Visual Studio Solution File, Format Version 12.00
# Visual Studio Version 17
VisualStudioVersion = 17.5.33516.290
MinimumVisualStudioVersion = 10.0.40219.1
Project("{FAE04EC0-301F-11D3-BF4B-00C04F79EFBC}") = "ApiPeliculas", "ApiPeliculas\ApiPeliculas.csproj", "{4CDE23F9-36CF-46D8-879A-BC8316B5DCA2}"
EndProject
Project("{2150E333-8FDC-42A3-9474-1A3956D46DE8}") = "Solution Items", "Solution Items", "{5B6A3E33-255B-4F67-920E-92528204B04D}"
	ProjectSection(SolutionItems) = preProject
		.editorconfig = .editorconfig
	EndProjectSection
EndProject
Global
	GlobalSection(SolutionConfigurationPlatforms) = preSolution
		Debug|Any CPU = Debug|Any CPU
		Release|Any CPU = Release|Any CPU
	EndGlobalSection
	GlobalSection(ProjectConfigurationPlatforms) = postSolution
		{4CDE23F9-36CF-46D8-879A-BC8316B5DCA2}.Debug|Any CPU.ActiveCfg = Debug|Any CPU
		{4CDE23F9-36CF-46D8-879A-BC8316B5DCA2}.Debug|Any CPU.Build.0 = Debug|Any CPU
		{4CDE23F9-36CF-46D8-879A-BC8316B5DCA2}.Release|Any CPU.ActiveCfg = Release|Any CPU
		{4CDE23F9-36CF-46D8-879A-BC8316B5DCA2}.Release|Any CPU.Build.0 = Release|Any CPU
	EndGlobalSection
	GlobalSection(SolutionProperties) = preSolution
		HideSolutionNode = FALSE
	EndGlobalSection
	GlobalSection(ExtensibilityGlobals) = postSolution
		SolutionGuid = {0C280F93-28AC-48A3-B758-83FDAB0F0C43}
	EndGlobalSection
EndGlobal
